
Microsoft Visual Studio Solution File, Format Version 12.00
# Visual Studio Version 17
VisualStudioVersion = 17.5.002.0
MinimumVisualStudioVersion = 10.0.40219.1
Project("{9A19103F-16F7-4668-BE54-9A1E7A4F7556}") = "NewProgramming", "NewProgramming.csproj", "{4875D62F-2937-4C44-8117-47B5746BB956}"
EndProject
Global
	GlobalSection(SolutionConfigurationPlatforms) = preSolution
		Debug|Any CPU = Debug|Any CPU
		Release|Any CPU = Release|Any CPU
	EndGlobalSection
	GlobalSection(ProjectConfigurationPlatforms) = postSolution
		{4875D62F-2937-4C44-8117-47B5746BB956}.Debug|Any CPU.ActiveCfg = Debug|Any CPU
		{4875D62F-2937-4C44-8117-47B5746BB956}.Debug|Any CPU.Build.0 = Debug|Any CPU
		{4875D62F-2937-4C44-8117-47B5746BB956}.Release|Any CPU.ActiveCfg = Release|Any CPU
		{4875D62F-2937-4C44-8117-47B5746BB956}.Release|Any CPU.Build.0 = Release|Any CPU
	EndGlobalSection
	GlobalSection(SolutionProperties) = preSolution
		HideSolutionNode = FALSE
	EndGlobalSection
	GlobalSection(ExtensibilityGlobals) = postSolution
		SolutionGuid = {FE114955-AEC6-4B9A-996C-7D891AF6D730}
	EndGlobalSection
EndGlobal
